---
- hosts: client
  tasks:
  - name: copy remote files
    block:
    - fetch:
        src: /tmp/blockfile
        dest: /tmp/
        flat: yes
    rescue:
    - debug: 
        msg: "The file doesn't exist on {{ ansible_hostname }}"
    always:
    - debug: 
        msg: "Playbook is finished"

